
Microsoft Visual Studio Solution File, Format Version 12.00
# Visual Studio Version 17
VisualStudioVersion = 17.13.35931.197
MinimumVisualStudioVersion = 10.0.40219.1
Project("{FAE04EC0-301F-11D3-BF4B-00C04F79EFBC}") = "RealEstate.API", "RealEstate.API\RealEstate.API.csproj", "{0874C6B8-9EEC-45FD-BC6C-D8C44926B6E5}"
EndProject
Project("{FAE04EC0-301F-11D3-BF4B-00C04F79EFBC}") = "RealEstate.Domain", "RealEstate.Domain\RealEstate.Domain.csproj", "{659D1F83-A320-46CA-9B79-51A36F6FFDE2}"
EndProject
Project("{FAE04EC0-301F-11D3-BF4B-00C04F79EFBC}") = "RealEstate.Application", "RealEstate.Application\RealEstate.Application.csproj", "{8D5EBCE7-2085-4A32-86F1-B1128B345906}"
EndProject
Project("{FAE04EC0-301F-11D3-BF4B-00C04F79EFBC}") = "RealEstate.Infrastructure", "RealEstate.Infrastructure\RealEstate.Infrastructure.csproj", "{5115DA01-DD9F-4C44-B5FB-E6F660CF352C}"
EndProject
Project("{FAE04EC0-301F-11D3-BF4B-00C04F79EFBC}") = "RealEstate.UnitTests", "RealEstate.UnitTests\RealEstate.UnitTests.csproj", "{54CF6305-05AF-4799-9D34-C0443894469C}"
EndProject
Global
	GlobalSection(SolutionConfigurationPlatforms) = preSolution
		Debug|Any CPU = Debug|Any CPU
		Debug|x64 = Debug|x64
		Debug|x86 = Debug|x86
		Release|Any CPU = Release|Any CPU
		Release|x64 = Release|x64
		Release|x86 = Release|x86
	EndGlobalSection
	GlobalSection(ProjectConfigurationPlatforms) = postSolution
		{0874C6B8-9EEC-45FD-BC6C-D8C44926B6E5}.Debug|Any CPU.ActiveCfg = Debug|Any CPU
		{0874C6B8-9EEC-45FD-BC6C-D8C44926B6E5}.Debug|Any CPU.Build.0 = Debug|Any CPU
		{0874C6B8-9EEC-45FD-BC6C-D8C44926B6E5}.Debug|x64.ActiveCfg = Debug|Any CPU
		{0874C6B8-9EEC-45FD-BC6C-D8C44926B6E5}.Debug|x64.Build.0 = Debug|Any CPU
		{0874C6B8-9EEC-45FD-BC6C-D8C44926B6E5}.Debug|x86.ActiveCfg = Debug|Any CPU
		{0874C6B8-9EEC-45FD-BC6C-D8C44926B6E5}.Debug|x86.Build.0 = Debug|Any CPU
		{0874C6B8-9EEC-45FD-BC6C-D8C44926B6E5}.Release|Any CPU.ActiveCfg = Release|Any CPU
		{0874C6B8-9EEC-45FD-BC6C-D8C44926B6E5}.Release|Any CPU.Build.0 = Release|Any CPU
		{0874C6B8-9EEC-45FD-BC6C-D8C44926B6E5}.Release|x64.ActiveCfg = Release|Any CPU
		{0874C6B8-9EEC-45FD-BC6C-D8C44926B6E5}.Release|x64.Build.0 = Release|Any CPU
		{0874C6B8-9EEC-45FD-BC6C-D8C44926B6E5}.Release|x86.ActiveCfg = Release|Any CPU
		{0874C6B8-9EEC-45FD-BC6C-D8C44926B6E5}.Release|x86.Build.0 = Release|Any CPU
		{659D1F83-A320-46CA-9B79-51A36F6FFDE2}.Debug|Any CPU.ActiveCfg = Debug|Any CPU
		{659D1F83-A320-46CA-9B79-51A36F6FFDE2}.Debug|Any CPU.Build.0 = Debug|Any CPU
		{659D1F83-A320-46CA-9B79-51A36F6FFDE2}.Debug|x64.ActiveCfg = Debug|Any CPU
		{659D1F83-A320-46CA-9B79-51A36F6FFDE2}.Debug|x64.Build.0 = Debug|Any CPU
		{659D1F83-A320-46CA-9B79-51A36F6FFDE2}.Debug|x86.ActiveCfg = Debug|Any CPU
		{659D1F83-A320-46CA-9B79-51A36F6FFDE2}.Debug|x86.Build.0 = Debug|Any CPU
		{659D1F83-A320-46CA-9B79-51A36F6FFDE2}.Release|Any CPU.ActiveCfg = Release|Any CPU
		{659D1F83-A320-46CA-9B79-51A36F6FFDE2}.Release|Any CPU.Build.0 = Release|Any CPU
		{659D1F83-A320-46CA-9B79-51A36F6FFDE2}.Release|x64.ActiveCfg = Release|Any CPU
		{659D1F83-A320-46CA-9B79-51A36F6FFDE2}.Release|x64.Build.0 = Release|Any CPU
		{659D1F83-A320-46CA-9B79-51A36F6FFDE2}.Release|x86.ActiveCfg = Release|Any CPU
		{659D1F83-A320-46CA-9B79-51A36F6FFDE2}.Release|x86.Build.0 = Release|Any CPU
		{8D5EBCE7-2085-4A32-86F1-B1128B345906}.Debug|Any CPU.ActiveCfg = Debug|Any CPU
		{8D5EBCE7-2085-4A32-86F1-B1128B345906}.Debug|Any CPU.Build.0 = Debug|Any CPU
		{8D5EBCE7-2085-4A32-86F1-B1128B345906}.Debug|x64.ActiveCfg = Debug|Any CPU
		{8D5EBCE7-2085-4A32-86F1-B1128B345906}.Debug|x64.Build.0 = Debug|Any CPU
		{8D5EBCE7-2085-4A32-86F1-B1128B345906}.Debug|x86.ActiveCfg = Debug|Any CPU
		{8D5EBCE7-2085-4A32-86F1-B1128B345906}.Debug|x86.Build.0 = Debug|Any CPU
		{8D5EBCE7-2085-4A32-86F1-B1128B345906}.Release|Any CPU.ActiveCfg = Release|Any CPU
		{8D5EBCE7-2085-4A32-86F1-B1128B345906}.Release|Any CPU.Build.0 = Release|Any CPU
		{8D5EBCE7-2085-4A32-86F1-B1128B345906}.Release|x64.ActiveCfg = Release|Any CPU
		{8D5EBCE7-2085-4A32-86F1-B1128B345906}.Release|x64.Build.0 = Release|Any CPU
		{8D5EBCE7-2085-4A32-86F1-B1128B345906}.Release|x86.ActiveCfg = Release|Any CPU
		{8D5EBCE7-2085-4A32-86F1-B1128B345906}.Release|x86.Build.0 = Release|Any CPU
		{5115DA01-DD9F-4C44-B5FB-E6F660CF352C}.Debug|Any CPU.ActiveCfg = Debug|Any CPU
		{5115DA01-DD9F-4C44-B5FB-E6F660CF352C}.Debug|Any CPU.Build.0 = Debug|Any CPU
		{5115DA01-DD9F-4C44-B5FB-E6F660CF352C}.Debug|x64.ActiveCfg = Debug|Any CPU
		{5115DA01-DD9F-4C44-B5FB-E6F660CF352C}.Debug|x64.Build.0 = Debug|Any CPU
		{5115DA01-DD9F-4C44-B5FB-E6F660CF352C}.Debug|x86.ActiveCfg = Debug|Any CPU
		{5115DA01-DD9F-4C44-B5FB-E6F660CF352C}.Debug|x86.Build.0 = Debug|Any CPU
		{5115DA01-DD9F-4C44-B5FB-E6F660CF352C}.Release|Any CPU.ActiveCfg = Release|Any CPU
		{5115DA01-DD9F-4C44-B5FB-E6F660CF352C}.Release|Any CPU.Build.0 = Release|Any CPU
		{5115DA01-DD9F-4C44-B5FB-E6F660CF352C}.Release|x64.ActiveCfg = Release|Any CPU
		{5115DA01-DD9F-4C44-B5FB-E6F660CF352C}.Release|x64.Build.0 = Release|Any CPU
		{5115DA01-DD9F-4C44-B5FB-E6F660CF352C}.Release|x86.ActiveCfg = Release|Any CPU
		{5115DA01-DD9F-4C44-B5FB-E6F660CF352C}.Release|x86.Build.0 = Release|Any CPU
		{54CF6305-05AF-4799-9D34-C0443894469C}.Debug|Any CPU.ActiveCfg = Debug|Any CPU
		{54CF6305-05AF-4799-9D34-C0443894469C}.Debug|Any CPU.Build.0 = Debug|Any CPU
		{54CF6305-05AF-4799-9D34-C0443894469C}.Debug|x64.ActiveCfg = Debug|Any CPU
		{54CF6305-05AF-4799-9D34-C0443894469C}.Debug|x64.Build.0 = Debug|Any CPU
		{54CF6305-05AF-4799-9D34-C0443894469C}.Debug|x86.ActiveCfg = Debug|Any CPU
		{54CF6305-05AF-4799-9D34-C0443894469C}.Debug|x86.Build.0 = Debug|Any CPU
		{54CF6305-05AF-4799-9D34-C0443894469C}.Release|Any CPU.ActiveCfg = Release|Any CPU
		{54CF6305-05AF-4799-9D34-C0443894469C}.Release|Any CPU.Build.0 = Release|Any CPU
		{54CF6305-05AF-4799-9D34-C0443894469C}.Release|x64.ActiveCfg = Release|Any CPU
		{54CF6305-05AF-4799-9D34-C0443894469C}.Release|x64.Build.0 = Release|Any CPU
		{54CF6305-05AF-4799-9D34-C0443894469C}.Release|x86.ActiveCfg = Release|Any CPU
		{54CF6305-05AF-4799-9D34-C0443894469C}.Release|x86.Build.0 = Release|Any CPU
	EndGlobalSection
	GlobalSection(SolutionProperties) = preSolution
		HideSolutionNode = FALSE
	EndGlobalSection
	GlobalSection(ExtensibilityGlobals) = postSolution
		SolutionGuid = {184D228B-AA0B-4717-B3EB-8A9BCEE3753D}
	EndGlobalSection
EndGlobal
